
Microsoft Visual Studio Solution File, Format Version 12.00
# Visual Studio Version 17
VisualStudioVersion = 17.14.36705.20 d17.14
MinimumVisualStudioVersion = 10.0.40219.1
Project("{8BC9CEB8-8B4A-11D0-8D11-00A0C91BC942}") = "bmssp", "bmssp.vcxproj", "{CC2B8C73-30AB-499D-8A7F-D63FB78D3DB7}"
EndProject
Global
	GlobalSection(SolutionConfigurationPlatforms) = preSolution
		Debug|x64 = Debug|x64
		Debug|x86 = Debug|x86
		Release|x64 = Release|x64
		Release|x86 = Release|x86
	EndGlobalSection
	GlobalSection(ProjectConfigurationPlatforms) = postSolution
		{CC2B8C73-30AB-499D-8A7F-D63FB78D3DB7}.Debug|x64.ActiveCfg = Debug|x64
		{CC2B8C73-30AB-499D-8A7F-D63FB78D3DB7}.Debug|x64.Build.0 = Debug|x64
		{CC2B8C73-30AB-499D-8A7F-D63FB78D3DB7}.Debug|x86.ActiveCfg = Debug|Win32
		{CC2B8C73-30AB-499D-8A7F-D63FB78D3DB7}.Debug|x86.Build.0 = Debug|Win32
		{CC2B8C73-30AB-499D-8A7F-D63FB78D3DB7}.Release|x64.ActiveCfg = Release|x64
		{CC2B8C73-30AB-499D-8A7F-D63FB78D3DB7}.Release|x64.Build.0 = Release|x64
		{CC2B8C73-30AB-499D-8A7F-D63FB78D3DB7}.Release|x86.ActiveCfg = Release|Win32
		{CC2B8C73-30AB-499D-8A7F-D63FB78D3DB7}.Release|x86.Build.0 = Release|Win32
	EndGlobalSection
	GlobalSection(SolutionProperties) = preSolution
		HideSolutionNode = FALSE
	EndGlobalSection
	GlobalSection(ExtensibilityGlobals) = postSolution
		SolutionGuid = {39362228-AFB7-4AB3-AA37-1457C9BDDCCE}
	EndGlobalSection
EndGlobal
